
Microsoft Visual Studio Solution File, Format Version 12.00
# Visual Studio Version 17
VisualStudioVersion = 17.1.32210.238
MinimumVisualStudioVersion = 10.0.40219.1
Project("{9A19103F-16F7-4668-BE54-9A1E7A4F7556}") = "TallyConnector", "src\TallyConnector\TallyConnector.csproj", "{ABF1EE38-FB7B-4235-8C6B-1C0B3E68F284}"
EndProject
Project("{9A19103F-16F7-4668-BE54-9A1E7A4F7556}") = "TallyConnector.Core", "src\TallyConnector.Core\TallyConnector.Core.csproj", "{B6639FEF-A8E7-4151-845B-72BB87596AD4}"
EndProject
Project("{2150E333-8FDC-42A3-9474-1A3956D46DE8}") = "Examples", "Examples", "{16ED73AE-7555-49BB-A0BB-7057F4380592}"
EndProject
Project("{778DAE3C-4631-46EA-AA77-85C1314464D9}") = "TallyConnector_VBDotNetExample", "Examples\TallyConnector_VBDotNetExample\TallyConnector_VBDotNetExample.vbproj", "{3F74EEAD-A862-4A2B-95A3-0B9906FCEC32}"
EndProject
Project("{2150E333-8FDC-42A3-9474-1A3956D46DE8}") = "src", "src", "{7747874E-E8F5-4E48-8013-8166AEBE7374}"
EndProject
Project("{2150E333-8FDC-42A3-9474-1A3956D46DE8}") = "Generators", "Generators", "{D1517754-F474-4D01-B5A5-560D79FA9819}"
EndProject
Project("{2150E333-8FDC-42A3-9474-1A3956D46DE8}") = "Tests", "Tests", "{67D1D28B-FF22-44C5-8DA8-7ED316213B40}"
EndProject
Project("{2150E333-8FDC-42A3-9474-1A3956D46DE8}") = "Generators", "Generators", "{2DECC8E3-EF9A-4695-B304-134601F847E7}"
EndProject
Project("{9A19103F-16F7-4668-BE54-9A1E7A4F7556}") = "IntegrationTests", "src\Tests\SourceGeneratorTests\TC.TDLReportSourceGenerator\IntegrationTests\IntegrationTests.csproj", "{BB324711-863C-43BC-B946-615B9F815AB9}"
EndProject
Project("{2150E333-8FDC-42A3-9474-1A3956D46DE8}") = "TC.TDLReportSourceGenerator", "TC.TDLReportSourceGenerator", "{31B73BA3-48F9-4EDA-8C99-15CC77DE73E9}"
EndProject
Project("{9A19103F-16F7-4668-BE54-9A1E7A4F7556}") = "UnitTests", "src\Tests\SourceGeneratorTests\TC.TDLReportSourceGenerator\UnitTests\UnitTests.csproj", "{852867F4-1D6D-4121-A2D7-469C0C4BE48A}"
EndProject
Project("{9A19103F-16F7-4668-BE54-9A1E7A4F7556}") = "TallyConnector.TDLReportSourceGenerator", "src\SourceGenerators\TallyConnector.TDLReportSourceGenerator\TallyConnector.TDLReportSourceGenerator.csproj", "{227F0B90-3C6C-4C37-BF71-5D0CB61B5F48}"
EndProject
Project("{2150E333-8FDC-42A3-9474-1A3956D46DE8}") = "TallyConnector", "TallyConnector", "{CFA197D8-AE3C-4D17-AB6F-45363E0FBDC5}"
EndProject
Project("{9A19103F-16F7-4668-BE54-9A1E7A4F7556}") = "DemoDesktopApp", "Examples\DemoDesktopApp\src\DemoDesktopApp\DemoDesktopApp.csproj", "{C75F4A2D-22FC-44BE-B464-1329A943D2FC}"
EndProject
Project("{9A19103F-16F7-4668-BE54-9A1E7A4F7556}") = "DemoDesktopApp.Infra", "Examples\DemoDesktopApp\src\DemoDesktopApp.Infra\DemoDesktopApp.Infra.csproj", "{97655299-5B1F-4B8A-82B2-7C9D30B86A65}"
EndProject
Project("{FAE04EC0-301F-11D3-BF4B-00C04F79EFBC}") = "TallyConnector.Tests", "src\Tests\TallyConnector.Tests\TallyConnector.Tests.csproj", "{1B72C28A-4504-4097-856B-33EB4BFBF79A}"
EndProject
Project("{FAE04EC0-301F-11D3-BF4B-00C04F79EFBC}") = "TallyConnector.Models", "src\TallyConnector.Models\TallyConnector.Models.csproj", "{B476621B-5F9B-4176-905F-B744EE35455A}"
EndProject
Global
	GlobalSection(SolutionConfigurationPlatforms) = preSolution
		Debug|Any CPU = Debug|Any CPU
		Debug|x64 = Debug|x64
		Release|Any CPU = Release|Any CPU
		Release|x64 = Release|x64
	EndGlobalSection
	GlobalSection(ProjectConfigurationPlatforms) = postSolution
		{ABF1EE38-FB7B-4235-8C6B-1C0B3E68F284}.Debug|Any CPU.ActiveCfg = Debug|Any CPU
		{ABF1EE38-FB7B-4235-8C6B-1C0B3E68F284}.Debug|Any CPU.Build.0 = Debug|Any CPU
		{ABF1EE38-FB7B-4235-8C6B-1C0B3E68F284}.Debug|x64.ActiveCfg = Debug|x64
		{ABF1EE38-FB7B-4235-8C6B-1C0B3E68F284}.Debug|x64.Build.0 = Debug|x64
		{ABF1EE38-FB7B-4235-8C6B-1C0B3E68F284}.Release|Any CPU.ActiveCfg = Release|Any CPU
		{ABF1EE38-FB7B-4235-8C6B-1C0B3E68F284}.Release|Any CPU.Build.0 = Release|Any CPU
		{ABF1EE38-FB7B-4235-8C6B-1C0B3E68F284}.Release|x64.ActiveCfg = Release|x64
		{ABF1EE38-FB7B-4235-8C6B-1C0B3E68F284}.Release|x64.Build.0 = Release|x64
		{B6639FEF-A8E7-4151-845B-72BB87596AD4}.Debug|Any CPU.ActiveCfg = Debug|Any CPU
		{B6639FEF-A8E7-4151-845B-72BB87596AD4}.Debug|Any CPU.Build.0 = Debug|Any CPU
		{B6639FEF-A8E7-4151-845B-72BB87596AD4}.Debug|x64.ActiveCfg = Debug|Any CPU
		{B6639FEF-A8E7-4151-845B-72BB87596AD4}.Debug|x64.Build.0 = Debug|Any CPU
		{B6639FEF-A8E7-4151-845B-72BB87596AD4}.Release|Any CPU.ActiveCfg = Release|Any CPU
		{B6639FEF-A8E7-4151-845B-72BB87596AD4}.Release|Any CPU.Build.0 = Release|Any CPU
		{B6639FEF-A8E7-4151-845B-72BB87596AD4}.Release|x64.ActiveCfg = Release|Any CPU
		{B6639FEF-A8E7-4151-845B-72BB87596AD4}.Release|x64.Build.0 = Release|Any CPU
		{3F74EEAD-A862-4A2B-95A3-0B9906FCEC32}.Debug|Any CPU.ActiveCfg = Debug|Any CPU
		{3F74EEAD-A862-4A2B-95A3-0B9906FCEC32}.Debug|Any CPU.Build.0 = Debug|Any CPU
		{3F74EEAD-A862-4A2B-95A3-0B9906FCEC32}.Debug|x64.ActiveCfg = Debug|Any CPU
		{3F74EEAD-A862-4A2B-95A3-0B9906FCEC32}.Debug|x64.Build.0 = Debug|Any CPU
		{3F74EEAD-A862-4A2B-95A3-0B9906FCEC32}.Release|Any CPU.ActiveCfg = Release|Any CPU
		{3F74EEAD-A862-4A2B-95A3-0B9906FCEC32}.Release|Any CPU.Build.0 = Release|Any CPU
		{3F74EEAD-A862-4A2B-95A3-0B9906FCEC32}.Release|x64.ActiveCfg = Release|Any CPU
		{3F74EEAD-A862-4A2B-95A3-0B9906FCEC32}.Release|x64.Build.0 = Release|Any CPU
		{BB324711-863C-43BC-B946-615B9F815AB9}.Debug|Any CPU.ActiveCfg = Debug|Any CPU
		{BB324711-863C-43BC-B946-615B9F815AB9}.Debug|Any CPU.Build.0 = Debug|Any CPU
		{BB324711-863C-43BC-B946-615B9F815AB9}.Debug|x64.ActiveCfg = Debug|Any CPU
		{BB324711-863C-43BC-B946-615B9F815AB9}.Debug|x64.Build.0 = Debug|Any CPU
		{BB324711-863C-43BC-B946-615B9F815AB9}.Release|Any CPU.ActiveCfg = Release|Any CPU
		{BB324711-863C-43BC-B946-615B9F815AB9}.Release|Any CPU.Build.0 = Release|Any CPU
		{BB324711-863C-43BC-B946-615B9F815AB9}.Release|x64.ActiveCfg = Release|Any CPU
		{BB324711-863C-43BC-B946-615B9F815AB9}.Release|x64.Build.0 = Release|Any CPU
		{852867F4-1D6D-4121-A2D7-469C0C4BE48A}.Debug|Any CPU.ActiveCfg = Debug|Any CPU
		{852867F4-1D6D-4121-A2D7-469C0C4BE48A}.Debug|Any CPU.Build.0 = Debug|Any CPU
		{852867F4-1D6D-4121-A2D7-469C0C4BE48A}.Debug|x64.ActiveCfg = Debug|Any CPU
		{852867F4-1D6D-4121-A2D7-469C0C4BE48A}.Debug|x64.Build.0 = Debug|Any CPU
		{852867F4-1D6D-4121-A2D7-469C0C4BE48A}.Release|Any CPU.ActiveCfg = Release|Any CPU
		{852867F4-1D6D-4121-A2D7-469C0C4BE48A}.Release|Any CPU.Build.0 = Release|Any CPU
		{852867F4-1D6D-4121-A2D7-469C0C4BE48A}.Release|x64.ActiveCfg = Release|Any CPU
		{852867F4-1D6D-4121-A2D7-469C0C4BE48A}.Release|x64.Build.0 = Release|Any CPU
		{227F0B90-3C6C-4C37-BF71-5D0CB61B5F48}.Debug|Any CPU.ActiveCfg = Debug|Any CPU
		{227F0B90-3C6C-4C37-BF71-5D0CB61B5F48}.Debug|Any CPU.Build.0 = Debug|Any CPU
		{227F0B90-3C6C-4C37-BF71-5D0CB61B5F48}.Debug|x64.ActiveCfg = Debug|Any CPU
		{227F0B90-3C6C-4C37-BF71-5D0CB61B5F48}.Debug|x64.Build.0 = Debug|Any CPU
		{227F0B90-3C6C-4C37-BF71-5D0CB61B5F48}.Release|Any CPU.ActiveCfg = Release|Any CPU
		{227F0B90-3C6C-4C37-BF71-5D0CB61B5F48}.Release|Any CPU.Build.0 = Release|Any CPU
		{227F0B90-3C6C-4C37-BF71-5D0CB61B5F48}.Release|x64.ActiveCfg = Release|Any CPU
		{227F0B90-3C6C-4C37-BF71-5D0CB61B5F48}.Release|x64.Build.0 = Release|Any CPU
		{C75F4A2D-22FC-44BE-B464-1329A943D2FC}.Debug|Any CPU.ActiveCfg = Debug|Any CPU
		{C75F4A2D-22FC-44BE-B464-1329A943D2FC}.Debug|Any CPU.Build.0 = Debug|Any CPU
		{C75F4A2D-22FC-44BE-B464-1329A943D2FC}.Debug|x64.ActiveCfg = Debug|Any CPU
		{C75F4A2D-22FC-44BE-B464-1329A943D2FC}.Debug|x64.Build.0 = Debug|Any CPU
		{C75F4A2D-22FC-44BE-B464-1329A943D2FC}.Release|Any CPU.ActiveCfg = Release|Any CPU
		{C75F4A2D-22FC-44BE-B464-1329A943D2FC}.Release|Any CPU.Build.0 = Release|Any CPU
		{C75F4A2D-22FC-44BE-B464-1329A943D2FC}.Release|x64.ActiveCfg = Release|Any CPU
		{C75F4A2D-22FC-44BE-B464-1329A943D2FC}.Release|x64.Build.0 = Release|Any CPU
		{97655299-5B1F-4B8A-82B2-7C9D30B86A65}.Debug|Any CPU.ActiveCfg = Debug|Any CPU
		{97655299-5B1F-4B8A-82B2-7C9D30B86A65}.Debug|Any CPU.Build.0 = Debug|Any CPU
		{97655299-5B1F-4B8A-82B2-7C9D30B86A65}.Debug|x64.ActiveCfg = Debug|Any CPU
		{97655299-5B1F-4B8A-82B2-7C9D30B86A65}.Debug|x64.Build.0 = Debug|Any CPU
		{97655299-5B1F-4B8A-82B2-7C9D30B86A65}.Release|Any CPU.ActiveCfg = Release|Any CPU
		{97655299-5B1F-4B8A-82B2-7C9D30B86A65}.Release|Any CPU.Build.0 = Release|Any CPU
		{97655299-5B1F-4B8A-82B2-7C9D30B86A65}.Release|x64.ActiveCfg = Release|Any CPU
		{97655299-5B1F-4B8A-82B2-7C9D30B86A65}.Release|x64.Build.0 = Release|Any CPU
		{1B72C28A-4504-4097-856B-33EB4BFBF79A}.Debug|Any CPU.ActiveCfg = Debug|Any CPU
		{1B72C28A-4504-4097-856B-33EB4BFBF79A}.Debug|Any CPU.Build.0 = Debug|Any CPU
		{1B72C28A-4504-4097-856B-33EB4BFBF79A}.Debug|x64.ActiveCfg = Debug|Any CPU
		{1B72C28A-4504-4097-856B-33EB4BFBF79A}.Debug|x64.Build.0 = Debug|Any CPU
		{1B72C28A-4504-4097-856B-33EB4BFBF79A}.Release|Any CPU.ActiveCfg = Release|Any CPU
		{1B72C28A-4504-4097-856B-33EB4BFBF79A}.Release|Any CPU.Build.0 = Release|Any CPU
		{1B72C28A-4504-4097-856B-33EB4BFBF79A}.Release|x64.ActiveCfg = Release|Any CPU
		{1B72C28A-4504-4097-856B-33EB4BFBF79A}.Release|x64.Build.0 = Release|Any CPU
		{B476621B-5F9B-4176-905F-B744EE35455A}.Debug|Any CPU.ActiveCfg = Debug|Any CPU
		{B476621B-5F9B-4176-905F-B744EE35455A}.Debug|Any CPU.Build.0 = Debug|Any CPU
		{B476621B-5F9B-4176-905F-B744EE35455A}.Debug|x64.ActiveCfg = Debug|Any CPU
		{B476621B-5F9B-4176-905F-B744EE35455A}.Debug|x64.Build.0 = Debug|Any CPU
		{B476621B-5F9B-4176-905F-B744EE35455A}.Release|Any CPU.ActiveCfg = Release|Any CPU
		{B476621B-5F9B-4176-905F-B744EE35455A}.Release|Any CPU.Build.0 = Release|Any CPU
		{B476621B-5F9B-4176-905F-B744EE35455A}.Release|x64.ActiveCfg = Release|Any CPU
		{B476621B-5F9B-4176-905F-B744EE35455A}.Release|x64.Build.0 = Release|Any CPU
	EndGlobalSection
	GlobalSection(SolutionProperties) = preSolution
		HideSolutionNode = FALSE
	EndGlobalSection
	GlobalSection(NestedProjects) = preSolution
		{ABF1EE38-FB7B-4235-8C6B-1C0B3E68F284} = {7747874E-E8F5-4E48-8013-8166AEBE7374}
		{B6639FEF-A8E7-4151-845B-72BB87596AD4} = {7747874E-E8F5-4E48-8013-8166AEBE7374}
		{3F74EEAD-A862-4A2B-95A3-0B9906FCEC32} = {16ED73AE-7555-49BB-A0BB-7057F4380592}
		{2DECC8E3-EF9A-4695-B304-134601F847E7} = {67D1D28B-FF22-44C5-8DA8-7ED316213B40}
		{BB324711-863C-43BC-B946-615B9F815AB9} = {31B73BA3-48F9-4EDA-8C99-15CC77DE73E9}
		{31B73BA3-48F9-4EDA-8C99-15CC77DE73E9} = {2DECC8E3-EF9A-4695-B304-134601F847E7}
		{852867F4-1D6D-4121-A2D7-469C0C4BE48A} = {31B73BA3-48F9-4EDA-8C99-15CC77DE73E9}
		{227F0B90-3C6C-4C37-BF71-5D0CB61B5F48} = {D1517754-F474-4D01-B5A5-560D79FA9819}
		{CFA197D8-AE3C-4D17-AB6F-45363E0FBDC5} = {67D1D28B-FF22-44C5-8DA8-7ED316213B40}
		{C75F4A2D-22FC-44BE-B464-1329A943D2FC} = {16ED73AE-7555-49BB-A0BB-7057F4380592}
		{97655299-5B1F-4B8A-82B2-7C9D30B86A65} = {16ED73AE-7555-49BB-A0BB-7057F4380592}
		{1B72C28A-4504-4097-856B-33EB4BFBF79A} = {CFA197D8-AE3C-4D17-AB6F-45363E0FBDC5}
		{B476621B-5F9B-4176-905F-B744EE35455A} = {7747874E-E8F5-4E48-8013-8166AEBE7374}
	EndGlobalSection
	GlobalSection(ExtensibilityGlobals) = postSolution
		SolutionGuid = {6D79E273-8DE3-4E5A-AF56-E082111F7BD0}
	EndGlobalSection
EndGlobal
