
Microsoft Visual Studio Solution File, Format Version 12.00
# Visual Studio Version 17
VisualStudioVersion = 17.1.32210.238
MinimumVisualStudioVersion = 10.0.40219.1
Project("{9A19103F-16F7-4668-BE54-9A1E7A4F7556}") = "TallyConnector", "TallyConnector\TallyConnector.csproj", "{4C175495-8688-4710-A8C5-9C02484B0B38}"
EndProject
Project("{9A19103F-16F7-4668-BE54-9A1E7A4F7556}") = "Tests", "Tests\Tests.csproj", "{91A58EB6-2C23-4AF2-B3BA-3834EA55CAA4}"
EndProject
Project("{9A19103F-16F7-4668-BE54-9A1E7A4F7556}") = "TallyConnector.Core", "TallyConnector.Core\TallyConnector.Core.csproj", "{4918484F-DD27-4B7C-AA6B-93485B94A135}"
EndProject
Project("{9A19103F-16F7-4668-BE54-9A1E7A4F7556}") = "TallyConnector.EFCore", "TallyConnector.EFCore\TallyConnector.EFCore.csproj", "{FB55DFB4-5EF6-4AFC-B053-C4A33247CA10}"
EndProject
Project("{9A19103F-16F7-4668-BE54-9A1E7A4F7556}") = "TallyConnector.Reports", "TallyConnector.Reports\TallyConnector.Reports.csproj", "{42F2328A-1F3D-4BAD-871B-DDFF4187D2CA}"
EndProject
Global
	GlobalSection(SolutionConfigurationPlatforms) = preSolution
		Debug|Any CPU = Debug|Any CPU
		Release|Any CPU = Release|Any CPU
	EndGlobalSection
	GlobalSection(ProjectConfigurationPlatforms) = postSolution
		{4C175495-8688-4710-A8C5-9C02484B0B38}.Debug|Any CPU.ActiveCfg = Debug|Any CPU
		{4C175495-8688-4710-A8C5-9C02484B0B38}.Debug|Any CPU.Build.0 = Debug|Any CPU
		{4C175495-8688-4710-A8C5-9C02484B0B38}.Release|Any CPU.ActiveCfg = Release|Any CPU
		{4C175495-8688-4710-A8C5-9C02484B0B38}.Release|Any CPU.Build.0 = Release|Any CPU
		{91A58EB6-2C23-4AF2-B3BA-3834EA55CAA4}.Debug|Any CPU.ActiveCfg = Debug|Any CPU
		{91A58EB6-2C23-4AF2-B3BA-3834EA55CAA4}.Debug|Any CPU.Build.0 = Debug|Any CPU
		{91A58EB6-2C23-4AF2-B3BA-3834EA55CAA4}.Release|Any CPU.ActiveCfg = Release|Any CPU
		{91A58EB6-2C23-4AF2-B3BA-3834EA55CAA4}.Release|Any CPU.Build.0 = Release|Any CPU
		{4918484F-DD27-4B7C-AA6B-93485B94A135}.Debug|Any CPU.ActiveCfg = Debug|Any CPU
		{4918484F-DD27-4B7C-AA6B-93485B94A135}.Debug|Any CPU.Build.0 = Debug|Any CPU
		{4918484F-DD27-4B7C-AA6B-93485B94A135}.Release|Any CPU.ActiveCfg = Release|Any CPU
		{4918484F-DD27-4B7C-AA6B-93485B94A135}.Release|Any CPU.Build.0 = Release|Any CPU
		{FB55DFB4-5EF6-4AFC-B053-C4A33247CA10}.Debug|Any CPU.ActiveCfg = Debug|Any CPU
		{FB55DFB4-5EF6-4AFC-B053-C4A33247CA10}.Debug|Any CPU.Build.0 = Debug|Any CPU
		{FB55DFB4-5EF6-4AFC-B053-C4A33247CA10}.Release|Any CPU.ActiveCfg = Release|Any CPU
		{FB55DFB4-5EF6-4AFC-B053-C4A33247CA10}.Release|Any CPU.Build.0 = Release|Any CPU
		{42F2328A-1F3D-4BAD-871B-DDFF4187D2CA}.Debug|Any CPU.ActiveCfg = Debug|Any CPU
		{42F2328A-1F3D-4BAD-871B-DDFF4187D2CA}.Debug|Any CPU.Build.0 = Debug|Any CPU
		{42F2328A-1F3D-4BAD-871B-DDFF4187D2CA}.Release|Any CPU.ActiveCfg = Release|Any CPU
		{42F2328A-1F3D-4BAD-871B-DDFF4187D2CA}.Release|Any CPU.Build.0 = Release|Any CPU
	EndGlobalSection
	GlobalSection(SolutionProperties) = preSolution
		HideSolutionNode = FALSE
	EndGlobalSection
	GlobalSection(ExtensibilityGlobals) = postSolution
		SolutionGuid = {6D79E273-8DE3-4E5A-AF56-E082111F7BD0}
	EndGlobalSection
EndGlobal
