
Microsoft Visual Studio Solution File, Format Version 12.00
# Visual Studio Version 16
VisualStudioVersion = 16.0.31410.357
MinimumVisualStudioVersion = 10.0.40219.1
Project("{F184B08F-C81C-45F6-A57F-5ABD9991F28F}") = "WinForms_VB", "WinForms_VB.vbproj", "{D1E0BF53-B28C-4486-806D-020EAB9B7092}"
EndProject
Project("{FAE04EC0-301F-11D3-BF4B-00C04F79EFBC}") = "TallyConnector", "..\..\..\TallyConnector-NETFramework\TallyConnector\TallyConnector.csproj", "{FA5D55B9-F52F-4D8B-8D94-C3959458FAA5}"
EndProject
Global
	GlobalSection(SolutionConfigurationPlatforms) = preSolution
		Debug|Any CPU = Debug|Any CPU
		Release|Any CPU = Release|Any CPU
	EndGlobalSection
	GlobalSection(ProjectConfigurationPlatforms) = postSolution
		{D1E0BF53-B28C-4486-806D-020EAB9B7092}.Debug|Any CPU.ActiveCfg = Debug|Any CPU
		{D1E0BF53-B28C-4486-806D-020EAB9B7092}.Debug|Any CPU.Build.0 = Debug|Any CPU
		{D1E0BF53-B28C-4486-806D-020EAB9B7092}.Release|Any CPU.ActiveCfg = Release|Any CPU
		{D1E0BF53-B28C-4486-806D-020EAB9B7092}.Release|Any CPU.Build.0 = Release|Any CPU
		{FA5D55B9-F52F-4D8B-8D94-C3959458FAA5}.Debug|Any CPU.ActiveCfg = Debug|Any CPU
		{FA5D55B9-F52F-4D8B-8D94-C3959458FAA5}.Debug|Any CPU.Build.0 = Debug|Any CPU
		{FA5D55B9-F52F-4D8B-8D94-C3959458FAA5}.Release|Any CPU.ActiveCfg = Release|Any CPU
		{FA5D55B9-F52F-4D8B-8D94-C3959458FAA5}.Release|Any CPU.Build.0 = Release|Any CPU
	EndGlobalSection
	GlobalSection(SolutionProperties) = preSolution
		HideSolutionNode = FALSE
	EndGlobalSection
	GlobalSection(ExtensibilityGlobals) = postSolution
		SolutionGuid = {1F123D80-C198-4599-812B-F30C214ADB79}
	EndGlobalSection
EndGlobal
