
Microsoft Visual Studio Solution File, Format Version 12.00
# Visual Studio Version 16
VisualStudioVersion = 16.0.31410.357
MinimumVisualStudioVersion = 10.0.40219.1
Project("{9A19103F-16F7-4668-BE54-9A1E7A4F7556}") = "WinFormsExample", "WinFormsExample.csproj", "{2DC7EC57-F458-4EBA-B2A6-76DC34AB08AD}"
EndProject
Project("{9A19103F-16F7-4668-BE54-9A1E7A4F7556}") = "TallyConnector", "..\..\TallyConnector\TallyConnector.csproj", "{C803800A-A6D8-4A61-A810-B6104F417658}"
EndProject
Global
	GlobalSection(SolutionConfigurationPlatforms) = preSolution
		Debug|Any CPU = Debug|Any CPU
		Release|Any CPU = Release|Any CPU
	EndGlobalSection
	GlobalSection(ProjectConfigurationPlatforms) = postSolution
		{2DC7EC57-F458-4EBA-B2A6-76DC34AB08AD}.Debug|Any CPU.ActiveCfg = Debug|Any CPU
		{2DC7EC57-F458-4EBA-B2A6-76DC34AB08AD}.Debug|Any CPU.Build.0 = Debug|Any CPU
		{2DC7EC57-F458-4EBA-B2A6-76DC34AB08AD}.Release|Any CPU.ActiveCfg = Release|Any CPU
		{2DC7EC57-F458-4EBA-B2A6-76DC34AB08AD}.Release|Any CPU.Build.0 = Release|Any CPU
		{C803800A-A6D8-4A61-A810-B6104F417658}.Debug|Any CPU.ActiveCfg = Debug|Any CPU
		{C803800A-A6D8-4A61-A810-B6104F417658}.Debug|Any CPU.Build.0 = Debug|Any CPU
		{C803800A-A6D8-4A61-A810-B6104F417658}.Release|Any CPU.ActiveCfg = Release|Any CPU
		{C803800A-A6D8-4A61-A810-B6104F417658}.Release|Any CPU.Build.0 = Release|Any CPU
	EndGlobalSection
	GlobalSection(SolutionProperties) = preSolution
		HideSolutionNode = FALSE
	EndGlobalSection
	GlobalSection(ExtensibilityGlobals) = postSolution
		SolutionGuid = {EB296F33-080F-448C-BA28-8D400A1F1DD6}
	EndGlobalSection
EndGlobal
