
Microsoft Visual Studio Solution File, Format Version 12.00
# Visual Studio Version 16
VisualStudioVersion = 16.0.31410.357
MinimumVisualStudioVersion = 10.0.40219.1
Project("{FAE04EC0-301F-11D3-BF4B-00C04F79EFBC}") = "WpfDemo", "WpfDemo.csproj", "{02D08491-7E82-48B1-A920-FFF62ECCD322}"
EndProject
Project("{9A19103F-16F7-4668-BE54-9A1E7A4F7556}") = "TallyConnector", "..\..\TallyConnector\TallyConnector.csproj", "{8EA5BEB1-8C18-48B1-A39F-F18B9E0C1A15}"
EndProject
Global
	GlobalSection(SolutionConfigurationPlatforms) = preSolution
		Debug|Any CPU = Debug|Any CPU
		Release|Any CPU = Release|Any CPU
	EndGlobalSection
	GlobalSection(ProjectConfigurationPlatforms) = postSolution
		{02D08491-7E82-48B1-A920-FFF62ECCD322}.Debug|Any CPU.ActiveCfg = Debug|Any CPU
		{02D08491-7E82-48B1-A920-FFF62ECCD322}.Debug|Any CPU.Build.0 = Debug|Any CPU
		{02D08491-7E82-48B1-A920-FFF62ECCD322}.Release|Any CPU.ActiveCfg = Release|Any CPU
		{02D08491-7E82-48B1-A920-FFF62ECCD322}.Release|Any CPU.Build.0 = Release|Any CPU
		{8EA5BEB1-8C18-48B1-A39F-F18B9E0C1A15}.Debug|Any CPU.ActiveCfg = Debug|Any CPU
		{8EA5BEB1-8C18-48B1-A39F-F18B9E0C1A15}.Debug|Any CPU.Build.0 = Debug|Any CPU
		{8EA5BEB1-8C18-48B1-A39F-F18B9E0C1A15}.Release|Any CPU.ActiveCfg = Release|Any CPU
		{8EA5BEB1-8C18-48B1-A39F-F18B9E0C1A15}.Release|Any CPU.Build.0 = Release|Any CPU
	EndGlobalSection
	GlobalSection(SolutionProperties) = preSolution
		HideSolutionNode = FALSE
	EndGlobalSection
	GlobalSection(ExtensibilityGlobals) = postSolution
		SolutionGuid = {B792C338-617F-481A-A609-64CDE6CDA725}
	EndGlobalSection
EndGlobal
